
Microsoft Visual Studio Solution File, Format Version 12.00
# Visual Studio Version 17
VisualStudioVersion = 17.4.33213.308
MinimumVisualStudioVersion = 10.0.40219.1
Project("{FAE04EC0-301F-11D3-BF4B-00C04F79EFBC}") = "WSC2019_TP09.Forms", "WSC2019_TP09.Forms\WSC2019_TP09.Forms.csproj", "{FE821A8C-86D9-4AF5-8B95-01DC7143201D}"
EndProject
Global
	GlobalSection(SolutionConfigurationPlatforms) = preSolution
		Debug|Any CPU = Debug|Any CPU
		Release|Any CPU = Release|Any CPU
	EndGlobalSection
	GlobalSection(ProjectConfigurationPlatforms) = postSolution
		{FE821A8C-86D9-4AF5-8B95-01DC7143201D}.Debug|Any CPU.ActiveCfg = Debug|Any CPU
		{FE821A8C-86D9-4AF5-8B95-01DC7143201D}.Debug|Any CPU.Build.0 = Debug|Any CPU
		{FE821A8C-86D9-4AF5-8B95-01DC7143201D}.Release|Any CPU.ActiveCfg = Release|Any CPU
		{FE821A8C-86D9-4AF5-8B95-01DC7143201D}.Release|Any CPU.Build.0 = Release|Any CPU
	EndGlobalSection
	GlobalSection(SolutionProperties) = preSolution
		HideSolutionNode = FALSE
	EndGlobalSection
	GlobalSection(ExtensibilityGlobals) = postSolution
		SolutionGuid = {B847BDB7-AD6A-4EF3-A58C-3397DB259179}
	EndGlobalSection
EndGlobal
