
Microsoft Visual Studio Solution File, Format Version 12.00
# Visual Studio Version 17
VisualStudioVersion = 17.4.33213.308
MinimumVisualStudioVersion = 10.0.40219.1
Project("{FAE04EC0-301F-11D3-BF4B-00C04F79EFBC}") = "PT09SELETIVAWSC2017-S3", "PT09SELETIVAWSC2017-S3\PT09SELETIVAWSC2017-S3.csproj", "{89B75920-474A-4B07-8E07-85AB527604EB}"
EndProject
Project("{FAE04EC0-301F-11D3-BF4B-00C04F79EFBC}") = "AgenciaReservas", "AgenciaReservas\AgenciaReservas.csproj", "{041AC419-93C3-4CFF-96AC-0DCC17BC806B}"
EndProject
Global
	GlobalSection(SolutionConfigurationPlatforms) = preSolution
		Debug|Any CPU = Debug|Any CPU
		Release|Any CPU = Release|Any CPU
	EndGlobalSection
	GlobalSection(ProjectConfigurationPlatforms) = postSolution
		{89B75920-474A-4B07-8E07-85AB527604EB}.Debug|Any CPU.ActiveCfg = Debug|Any CPU
		{89B75920-474A-4B07-8E07-85AB527604EB}.Debug|Any CPU.Build.0 = Debug|Any CPU
		{89B75920-474A-4B07-8E07-85AB527604EB}.Release|Any CPU.ActiveCfg = Release|Any CPU
		{89B75920-474A-4B07-8E07-85AB527604EB}.Release|Any CPU.Build.0 = Release|Any CPU
		{041AC419-93C3-4CFF-96AC-0DCC17BC806B}.Debug|Any CPU.ActiveCfg = Debug|Any CPU
		{041AC419-93C3-4CFF-96AC-0DCC17BC806B}.Debug|Any CPU.Build.0 = Debug|Any CPU
		{041AC419-93C3-4CFF-96AC-0DCC17BC806B}.Release|Any CPU.ActiveCfg = Release|Any CPU
		{041AC419-93C3-4CFF-96AC-0DCC17BC806B}.Release|Any CPU.Build.0 = Release|Any CPU
	EndGlobalSection
	GlobalSection(SolutionProperties) = preSolution
		HideSolutionNode = FALSE
	EndGlobalSection
	GlobalSection(ExtensibilityGlobals) = postSolution
		SolutionGuid = {3D57901A-95D8-4DC0-AD18-751D9501A7F4}
	EndGlobalSection
EndGlobal
